
Microsoft Visual Studio Solution File, Format Version 11.00
# Visual Studio 2010
Project("{FAE04EC0-301F-11D3-BF4B-00C04F79EFBC}") = "Assembly-CSharp", "Assembly-CSharp.csproj", "{B9BB04EA-6416-286E-F9CE-0009CCE8F208}"
EndProject
Project("{FAE04EC0-301F-11D3-BF4B-00C04F79EFBC}") = "Assembly-CSharp-firstpass", "Assembly-CSharp-firstpass.csproj", "{33772719-F965-14A9-4CB4-DD69A5F54657}"
EndProject
Project("{FAE04EC0-301F-11D3-BF4B-00C04F79EFBC}") = "Assembly-CSharp-Editor-firstpass", "Assembly-CSharp-Editor-firstpass.csproj", "{6EB9825C-8831-1D29-DE38-8CF8D0D1D18D}"
EndProject
Global
	GlobalSection(SolutionConfigurationPlatforms) = preSolution
		Debug|Any CPU = Debug|Any CPU
		Release|Any CPU = Release|Any CPU
	EndGlobalSection
	GlobalSection(ProjectConfigurationPlatforms) = postSolution
		{B9BB04EA-6416-286E-F9CE-0009CCE8F208}.Debug|Any CPU.ActiveCfg = Debug|Any CPU
		{B9BB04EA-6416-286E-F9CE-0009CCE8F208}.Debug|Any CPU.Build.0 = Debug|Any CPU
		{B9BB04EA-6416-286E-F9CE-0009CCE8F208}.Release|Any CPU.ActiveCfg = Release|Any CPU
		{B9BB04EA-6416-286E-F9CE-0009CCE8F208}.Release|Any CPU.Build.0 = Release|Any CPU
		{33772719-F965-14A9-4CB4-DD69A5F54657}.Debug|Any CPU.ActiveCfg = Debug|Any CPU
		{33772719-F965-14A9-4CB4-DD69A5F54657}.Debug|Any CPU.Build.0 = Debug|Any CPU
		{33772719-F965-14A9-4CB4-DD69A5F54657}.Release|Any CPU.ActiveCfg = Release|Any CPU
		{33772719-F965-14A9-4CB4-DD69A5F54657}.Release|Any CPU.Build.0 = Release|Any CPU
		{6EB9825C-8831-1D29-DE38-8CF8D0D1D18D}.Debug|Any CPU.ActiveCfg = Debug|Any CPU
		{6EB9825C-8831-1D29-DE38-8CF8D0D1D18D}.Debug|Any CPU.Build.0 = Debug|Any CPU
		{6EB9825C-8831-1D29-DE38-8CF8D0D1D18D}.Release|Any CPU.ActiveCfg = Release|Any CPU
		{6EB9825C-8831-1D29-DE38-8CF8D0D1D18D}.Release|Any CPU.Build.0 = Release|Any CPU
	EndGlobalSection
	GlobalSection(SolutionProperties) = preSolution
		HideSolutionNode = FALSE
	EndGlobalSection
	GlobalSection(MonoDevelopProperties) = preSolution
		StartupItem = Assembly-CSharp.csproj
	EndGlobalSection
EndGlobal
